
Microsoft Visual Studio Solution File, Format Version 12.00
# Visual Studio Version 17
VisualStudioVersion = 17.4.33213.308
MinimumVisualStudioVersion = 10.0.40219.1
Project("{9A19103F-16F7-4668-BE54-9A1E7A4F7556}") = "z1", "z1\z1.csproj", "{68BEFAA5-068F-41C6-B00E-CA1F55A43FAC}"
EndProject
Project("{9A19103F-16F7-4668-BE54-9A1E7A4F7556}") = "z2", "z2\z2.csproj", "{7814962D-FFBD-4CB5-982B-C31890ED7B3C}"
EndProject
Project("{9A19103F-16F7-4668-BE54-9A1E7A4F7556}") = "z3", "z3\z3.csproj", "{6803CA52-CA02-4D64-AE48-07AB0781724D}"
EndProject
Project("{9A19103F-16F7-4668-BE54-9A1E7A4F7556}") = "z4", "z4\z4.csproj", "{AA5B8EF2-86CD-4754-833E-9BF880D4778F}"
EndProject
Global
	GlobalSection(SolutionConfigurationPlatforms) = preSolution
		Debug|Any CPU = Debug|Any CPU
		Release|Any CPU = Release|Any CPU
	EndGlobalSection
	GlobalSection(ProjectConfigurationPlatforms) = postSolution
		{68BEFAA5-068F-41C6-B00E-CA1F55A43FAC}.Debug|Any CPU.ActiveCfg = Debug|Any CPU
		{68BEFAA5-068F-41C6-B00E-CA1F55A43FAC}.Debug|Any CPU.Build.0 = Debug|Any CPU
		{68BEFAA5-068F-41C6-B00E-CA1F55A43FAC}.Release|Any CPU.ActiveCfg = Release|Any CPU
		{68BEFAA5-068F-41C6-B00E-CA1F55A43FAC}.Release|Any CPU.Build.0 = Release|Any CPU
		{7814962D-FFBD-4CB5-982B-C31890ED7B3C}.Debug|Any CPU.ActiveCfg = Debug|Any CPU
		{7814962D-FFBD-4CB5-982B-C31890ED7B3C}.Debug|Any CPU.Build.0 = Debug|Any CPU
		{7814962D-FFBD-4CB5-982B-C31890ED7B3C}.Release|Any CPU.ActiveCfg = Release|Any CPU
		{7814962D-FFBD-4CB5-982B-C31890ED7B3C}.Release|Any CPU.Build.0 = Release|Any CPU
		{6803CA52-CA02-4D64-AE48-07AB0781724D}.Debug|Any CPU.ActiveCfg = Debug|Any CPU
		{6803CA52-CA02-4D64-AE48-07AB0781724D}.Debug|Any CPU.Build.0 = Debug|Any CPU
		{6803CA52-CA02-4D64-AE48-07AB0781724D}.Release|Any CPU.ActiveCfg = Release|Any CPU
		{6803CA52-CA02-4D64-AE48-07AB0781724D}.Release|Any CPU.Build.0 = Release|Any CPU
		{AA5B8EF2-86CD-4754-833E-9BF880D4778F}.Debug|Any CPU.ActiveCfg = Debug|Any CPU
		{AA5B8EF2-86CD-4754-833E-9BF880D4778F}.Debug|Any CPU.Build.0 = Debug|Any CPU
		{AA5B8EF2-86CD-4754-833E-9BF880D4778F}.Release|Any CPU.ActiveCfg = Release|Any CPU
		{AA5B8EF2-86CD-4754-833E-9BF880D4778F}.Release|Any CPU.Build.0 = Release|Any CPU
	EndGlobalSection
	GlobalSection(SolutionProperties) = preSolution
		HideSolutionNode = FALSE
	EndGlobalSection
	GlobalSection(ExtensibilityGlobals) = postSolution
		SolutionGuid = {A8A84D09-C19F-4B31-8306-30B7C1CA70D6}
	EndGlobalSection
EndGlobal
