
Microsoft Visual Studio Solution File, Format Version 12.00
# Visual Studio Version 17
VisualStudioVersion = 17.4.33213.308
MinimumVisualStudioVersion = 10.0.40219.1
Project("{9A19103F-16F7-4668-BE54-9A1E7A4F7556}") = "z1", "z1\z1.csproj", "{F2D0DA24-DB4B-47E9-A12A-BFE681298F7A}"
EndProject
Project("{FAE04EC0-301F-11D3-BF4B-00C04F79EFBC}") = "z3", "z3\z3.csproj", "{833D363F-FDF9-4597-A971-51A62C10B603}"
EndProject
Project("{FAE04EC0-301F-11D3-BF4B-00C04F79EFBC}") = "z4", "z4\z4.csproj", "{7E3C9A56-8212-4FF5-B0E8-C3BD26E80520}"
EndProject
Global
	GlobalSection(SolutionConfigurationPlatforms) = preSolution
		Debug|Any CPU = Debug|Any CPU
		Release|Any CPU = Release|Any CPU
	EndGlobalSection
	GlobalSection(ProjectConfigurationPlatforms) = postSolution
		{F2D0DA24-DB4B-47E9-A12A-BFE681298F7A}.Debug|Any CPU.ActiveCfg = Debug|Any CPU
		{F2D0DA24-DB4B-47E9-A12A-BFE681298F7A}.Debug|Any CPU.Build.0 = Debug|Any CPU
		{F2D0DA24-DB4B-47E9-A12A-BFE681298F7A}.Release|Any CPU.ActiveCfg = Release|Any CPU
		{F2D0DA24-DB4B-47E9-A12A-BFE681298F7A}.Release|Any CPU.Build.0 = Release|Any CPU
		{833D363F-FDF9-4597-A971-51A62C10B603}.Debug|Any CPU.ActiveCfg = Debug|Any CPU
		{833D363F-FDF9-4597-A971-51A62C10B603}.Debug|Any CPU.Build.0 = Debug|Any CPU
		{833D363F-FDF9-4597-A971-51A62C10B603}.Release|Any CPU.ActiveCfg = Release|Any CPU
		{833D363F-FDF9-4597-A971-51A62C10B603}.Release|Any CPU.Build.0 = Release|Any CPU
		{7E3C9A56-8212-4FF5-B0E8-C3BD26E80520}.Debug|Any CPU.ActiveCfg = Debug|Any CPU
		{7E3C9A56-8212-4FF5-B0E8-C3BD26E80520}.Debug|Any CPU.Build.0 = Debug|Any CPU
		{7E3C9A56-8212-4FF5-B0E8-C3BD26E80520}.Release|Any CPU.ActiveCfg = Release|Any CPU
		{7E3C9A56-8212-4FF5-B0E8-C3BD26E80520}.Release|Any CPU.Build.0 = Release|Any CPU
	EndGlobalSection
	GlobalSection(SolutionProperties) = preSolution
		HideSolutionNode = FALSE
	EndGlobalSection
	GlobalSection(ExtensibilityGlobals) = postSolution
		SolutionGuid = {FB00A92C-A5D6-4F39-A35A-DBBFAE823A7B}
	EndGlobalSection
EndGlobal
