
Microsoft Visual Studio Solution File, Format Version 12.00
# Visual Studio Version 17
VisualStudioVersion = 17.4.33213.308
MinimumVisualStudioVersion = 10.0.40219.1
Project("{FAE04EC0-301F-11D3-BF4B-00C04F79EFBC}") = "z1", "z1\z1.csproj", "{A12CBC40-59E6-442C-B150-CCA4B7B557FF}"
EndProject
Global
	GlobalSection(SolutionConfigurationPlatforms) = preSolution
		Debug|Any CPU = Debug|Any CPU
		Release|Any CPU = Release|Any CPU
	EndGlobalSection
	GlobalSection(ProjectConfigurationPlatforms) = postSolution
		{A12CBC40-59E6-442C-B150-CCA4B7B557FF}.Debug|Any CPU.ActiveCfg = Debug|Any CPU
		{A12CBC40-59E6-442C-B150-CCA4B7B557FF}.Debug|Any CPU.Build.0 = Debug|Any CPU
		{A12CBC40-59E6-442C-B150-CCA4B7B557FF}.Release|Any CPU.ActiveCfg = Release|Any CPU
		{A12CBC40-59E6-442C-B150-CCA4B7B557FF}.Release|Any CPU.Build.0 = Release|Any CPU
	EndGlobalSection
	GlobalSection(SolutionProperties) = preSolution
		HideSolutionNode = FALSE
	EndGlobalSection
	GlobalSection(ExtensibilityGlobals) = postSolution
		SolutionGuid = {33AA51B8-F3A9-49A1-B108-358EFBF3D19C}
	EndGlobalSection
EndGlobal
