
Microsoft Visual Studio Solution File, Format Version 12.00
# Visual Studio Version 17
VisualStudioVersion = 17.4.33213.308
MinimumVisualStudioVersion = 10.0.40219.1
Project("{FAE04EC0-301F-11D3-BF4B-00C04F79EFBC}") = "z1", "z1\z1.csproj", "{E0E1D134-25EC-4EBE-A874-575C8224B54A}"
EndProject
Project("{FAE04EC0-301F-11D3-BF4B-00C04F79EFBC}") = "z2", "z2\z2.csproj", "{4C745D8F-3A08-432A-808B-E8679A12DE59}"
EndProject
Project("{FAE04EC0-301F-11D3-BF4B-00C04F79EFBC}") = "z3", "z3\z3.csproj", "{20D1AF8B-BB9A-4EF2-A852-0E3DA845570D}"
EndProject
Project("{FAE04EC0-301F-11D3-BF4B-00C04F79EFBC}") = "z4", "z4\z4.csproj", "{67A943F3-17BC-4914-97FF-1B6290AD42D0}"
EndProject
Global
	GlobalSection(SolutionConfigurationPlatforms) = preSolution
		Debug|Any CPU = Debug|Any CPU
		Release|Any CPU = Release|Any CPU
	EndGlobalSection
	GlobalSection(ProjectConfigurationPlatforms) = postSolution
		{E0E1D134-25EC-4EBE-A874-575C8224B54A}.Debug|Any CPU.ActiveCfg = Debug|Any CPU
		{E0E1D134-25EC-4EBE-A874-575C8224B54A}.Debug|Any CPU.Build.0 = Debug|Any CPU
		{E0E1D134-25EC-4EBE-A874-575C8224B54A}.Release|Any CPU.ActiveCfg = Release|Any CPU
		{E0E1D134-25EC-4EBE-A874-575C8224B54A}.Release|Any CPU.Build.0 = Release|Any CPU
		{4C745D8F-3A08-432A-808B-E8679A12DE59}.Debug|Any CPU.ActiveCfg = Debug|Any CPU
		{4C745D8F-3A08-432A-808B-E8679A12DE59}.Debug|Any CPU.Build.0 = Debug|Any CPU
		{4C745D8F-3A08-432A-808B-E8679A12DE59}.Release|Any CPU.ActiveCfg = Release|Any CPU
		{4C745D8F-3A08-432A-808B-E8679A12DE59}.Release|Any CPU.Build.0 = Release|Any CPU
		{20D1AF8B-BB9A-4EF2-A852-0E3DA845570D}.Debug|Any CPU.ActiveCfg = Debug|Any CPU
		{20D1AF8B-BB9A-4EF2-A852-0E3DA845570D}.Debug|Any CPU.Build.0 = Debug|Any CPU
		{20D1AF8B-BB9A-4EF2-A852-0E3DA845570D}.Release|Any CPU.ActiveCfg = Release|Any CPU
		{20D1AF8B-BB9A-4EF2-A852-0E3DA845570D}.Release|Any CPU.Build.0 = Release|Any CPU
		{67A943F3-17BC-4914-97FF-1B6290AD42D0}.Debug|Any CPU.ActiveCfg = Debug|Any CPU
		{67A943F3-17BC-4914-97FF-1B6290AD42D0}.Debug|Any CPU.Build.0 = Debug|Any CPU
		{67A943F3-17BC-4914-97FF-1B6290AD42D0}.Release|Any CPU.ActiveCfg = Release|Any CPU
		{67A943F3-17BC-4914-97FF-1B6290AD42D0}.Release|Any CPU.Build.0 = Release|Any CPU
	EndGlobalSection
	GlobalSection(SolutionProperties) = preSolution
		HideSolutionNode = FALSE
	EndGlobalSection
	GlobalSection(ExtensibilityGlobals) = postSolution
		SolutionGuid = {E973055B-710E-4F41-AA25-4BBFD6867745}
	EndGlobalSection
EndGlobal
