
Microsoft Visual Studio Solution File, Format Version 12.00
# Visual Studio Version 17
VisualStudioVersion = 17.4.33213.308
MinimumVisualStudioVersion = 10.0.40219.1
Project("{9A19103F-16F7-4668-BE54-9A1E7A4F7556}") = "z1", "z1\z1.csproj", "{BA92435F-27E9-4F74-9B78-9A58EFDFEB3A}"
EndProject
Global
	GlobalSection(SolutionConfigurationPlatforms) = preSolution
		Debug|Any CPU = Debug|Any CPU
		Release|Any CPU = Release|Any CPU
	EndGlobalSection
	GlobalSection(ProjectConfigurationPlatforms) = postSolution
		{BA92435F-27E9-4F74-9B78-9A58EFDFEB3A}.Debug|Any CPU.ActiveCfg = Debug|Any CPU
		{BA92435F-27E9-4F74-9B78-9A58EFDFEB3A}.Debug|Any CPU.Build.0 = Debug|Any CPU
		{BA92435F-27E9-4F74-9B78-9A58EFDFEB3A}.Release|Any CPU.ActiveCfg = Release|Any CPU
		{BA92435F-27E9-4F74-9B78-9A58EFDFEB3A}.Release|Any CPU.Build.0 = Release|Any CPU
	EndGlobalSection
	GlobalSection(SolutionProperties) = preSolution
		HideSolutionNode = FALSE
	EndGlobalSection
	GlobalSection(ExtensibilityGlobals) = postSolution
		SolutionGuid = {8D2FBB8F-B6CE-4973-90CF-8E6C5BBC644A}
	EndGlobalSection
EndGlobal
