
Microsoft Visual Studio Solution File, Format Version 12.00
# Visual Studio Version 17
VisualStudioVersion = 17.4.33213.308
MinimumVisualStudioVersion = 10.0.40219.1
Project("{9A19103F-16F7-4668-BE54-9A1E7A4F7556}") = "z1", "z1\z1.csproj", "{961CAB75-606B-4EC4-9168-1D60D2E7B482}"
EndProject
Project("{9A19103F-16F7-4668-BE54-9A1E7A4F7556}") = "z2", "z2\z2.csproj", "{6407F6FC-2D95-4FD2-AC42-A6940381978A}"
EndProject
Project("{9A19103F-16F7-4668-BE54-9A1E7A4F7556}") = "z3", "z3\z3.csproj", "{42F9510E-C24E-4A32-9EBA-A57EB6AB94BC}"
EndProject
Project("{9A19103F-16F7-4668-BE54-9A1E7A4F7556}") = "z4", "z4\z4.csproj", "{BD0F73A6-D8D7-4EEC-BD13-AFC684AD4317}"
EndProject
Project("{FAE04EC0-301F-11D3-BF4B-00C04F79EFBC}") = "z5", "z5\z5.csproj", "{6F699276-5417-46F6-B164-4140AFF67247}"
EndProject
Global
	GlobalSection(SolutionConfigurationPlatforms) = preSolution
		Debug|Any CPU = Debug|Any CPU
		Release|Any CPU = Release|Any CPU
	EndGlobalSection
	GlobalSection(ProjectConfigurationPlatforms) = postSolution
		{961CAB75-606B-4EC4-9168-1D60D2E7B482}.Debug|Any CPU.ActiveCfg = Debug|Any CPU
		{961CAB75-606B-4EC4-9168-1D60D2E7B482}.Debug|Any CPU.Build.0 = Debug|Any CPU
		{961CAB75-606B-4EC4-9168-1D60D2E7B482}.Release|Any CPU.ActiveCfg = Release|Any CPU
		{961CAB75-606B-4EC4-9168-1D60D2E7B482}.Release|Any CPU.Build.0 = Release|Any CPU
		{6407F6FC-2D95-4FD2-AC42-A6940381978A}.Debug|Any CPU.ActiveCfg = Debug|Any CPU
		{6407F6FC-2D95-4FD2-AC42-A6940381978A}.Debug|Any CPU.Build.0 = Debug|Any CPU
		{6407F6FC-2D95-4FD2-AC42-A6940381978A}.Release|Any CPU.ActiveCfg = Release|Any CPU
		{6407F6FC-2D95-4FD2-AC42-A6940381978A}.Release|Any CPU.Build.0 = Release|Any CPU
		{42F9510E-C24E-4A32-9EBA-A57EB6AB94BC}.Debug|Any CPU.ActiveCfg = Debug|Any CPU
		{42F9510E-C24E-4A32-9EBA-A57EB6AB94BC}.Debug|Any CPU.Build.0 = Debug|Any CPU
		{42F9510E-C24E-4A32-9EBA-A57EB6AB94BC}.Release|Any CPU.ActiveCfg = Release|Any CPU
		{42F9510E-C24E-4A32-9EBA-A57EB6AB94BC}.Release|Any CPU.Build.0 = Release|Any CPU
		{BD0F73A6-D8D7-4EEC-BD13-AFC684AD4317}.Debug|Any CPU.ActiveCfg = Debug|Any CPU
		{BD0F73A6-D8D7-4EEC-BD13-AFC684AD4317}.Debug|Any CPU.Build.0 = Debug|Any CPU
		{BD0F73A6-D8D7-4EEC-BD13-AFC684AD4317}.Release|Any CPU.ActiveCfg = Release|Any CPU
		{BD0F73A6-D8D7-4EEC-BD13-AFC684AD4317}.Release|Any CPU.Build.0 = Release|Any CPU
		{6F699276-5417-46F6-B164-4140AFF67247}.Debug|Any CPU.ActiveCfg = Debug|Any CPU
		{6F699276-5417-46F6-B164-4140AFF67247}.Debug|Any CPU.Build.0 = Debug|Any CPU
		{6F699276-5417-46F6-B164-4140AFF67247}.Release|Any CPU.ActiveCfg = Release|Any CPU
		{6F699276-5417-46F6-B164-4140AFF67247}.Release|Any CPU.Build.0 = Release|Any CPU
	EndGlobalSection
	GlobalSection(SolutionProperties) = preSolution
		HideSolutionNode = FALSE
	EndGlobalSection
	GlobalSection(ExtensibilityGlobals) = postSolution
		SolutionGuid = {41DF220F-22F7-416D-803A-6CBEF57C61B2}
	EndGlobalSection
EndGlobal
